{
  "name": "@ndiinginc/router",
  "version": "1.0.15",
  "lockfileVersion": 2,
  "requires": true,
  "packages": {
    "": {
      "name": "@ndiinginc/router",
      "version": "1.0.15",
      "license": "MIT",
      "dependencies": {
        "@ndiinginc/crypto": "^1.0.3",
        "@ndiinginc/database": "^1.0.7",
        "@ndiinginc/fetch": "^1.0.12",
        "@ndiinginc/url": "^1.0.0",
        "@ndiinginc/util": "^1.0.7"
      }
    },
    "node_modules/@ndiinginc/crypto": {
      "version": "1.0.3",
      "resolved": "https://registry.npmjs.org/@ndiinginc/crypto/-/crypto-1.0.3.tgz",
      "integrity": "sha512-+YGBBbLyQEACSG9epOSkIoK1paxyex3058CzACRiGscU3eV9m2pP8PyO3IoGuiU1V11iWmpTojmX8ffSLzgjxg=="
    },
    "node_modules/@ndiinginc/database": {
      "version": "1.0.7",
      "resolved": "https://registry.npmjs.org/@ndiinginc/database/-/database-1.0.7.tgz",
      "integrity": "sha512-bryMFHGXjOJ9iDECRmXp0ncKHELC9adsVEHxoZaISFLMfc0IY9n45PMrgDpq0r9oZ+K8AuJapqKemKP9aLN5bw=="
    },
    "node_modules/@ndiinginc/fetch": {
      "version": "1.0.18",
      "resolved": "https://registry.npmjs.org/@ndiinginc/fetch/-/fetch-1.0.18.tgz",
      "integrity": "sha512-oxGyELBYZmdjIlPuHosxY7CrV4F8ud6XsjD8xutJoccljqnBzlsziR5N3mg3RrRaCaPa5tvQI5BPktwU/pMtLQ==",
      "dependencies": {
        "@ndiinginc/database": "^1.0.7",
        "@ndiinginc/url": "^1.0.0"
      }
    },
    "node_modules/@ndiinginc/url": {
      "version": "1.0.1",
      "resolved": "https://registry.npmjs.org/@ndiinginc/url/-/url-1.0.1.tgz",
      "integrity": "sha512-W5jl5z0RYk8ueSzQx/Gfvhnj00s9SjncvM1IKVCwItzXoK9HXqJU99QT+xXleFZfwK7Z/ZLYMC3cZamlqPuW9w=="
    },
    "node_modules/@ndiinginc/util": {
      "version": "1.0.7",
      "resolved": "https://registry.npmjs.org/@ndiinginc/util/-/util-1.0.7.tgz",
      "integrity": "sha512-KAhQLJ+lQBZp8tIjI1vR0GT7svoC3psXJbr+krAKxjTM+g/dm+AuafJI8FEjz4VBQWvKJOTB5OtvI9CLaGDurw=="
    }
  },
  "dependencies": {
    "@ndiinginc/crypto": {
      "version": "1.0.3",
      "resolved": "https://registry.npmjs.org/@ndiinginc/crypto/-/crypto-1.0.3.tgz",
      "integrity": "sha512-+YGBBbLyQEACSG9epOSkIoK1paxyex3058CzACRiGscU3eV9m2pP8PyO3IoGuiU1V11iWmpTojmX8ffSLzgjxg=="
    },
    "@ndiinginc/database": {
      "version": "1.0.7",
      "resolved": "https://registry.npmjs.org/@ndiinginc/database/-/database-1.0.7.tgz",
      "integrity": "sha512-bryMFHGXjOJ9iDECRmXp0ncKHELC9adsVEHxoZaISFLMfc0IY9n45PMrgDpq0r9oZ+K8AuJapqKemKP9aLN5bw=="
    },
    "@ndiinginc/fetch": {
      "version": "1.0.18",
      "resolved": "https://registry.npmjs.org/@ndiinginc/fetch/-/fetch-1.0.18.tgz",
      "integrity": "sha512-oxGyELBYZmdjIlPuHosxY7CrV4F8ud6XsjD8xutJoccljqnBzlsziR5N3mg3RrRaCaPa5tvQI5BPktwU/pMtLQ==",
      "requires": {
        "@ndiinginc/database": "^1.0.7",
        "@ndiinginc/url": "^1.0.0"
      }
    },
    "@ndiinginc/url": {
      "version": "1.0.1",
      "resolved": "https://registry.npmjs.org/@ndiinginc/url/-/url-1.0.1.tgz",
      "integrity": "sha512-W5jl5z0RYk8ueSzQx/Gfvhnj00s9SjncvM1IKVCwItzXoK9HXqJU99QT+xXleFZfwK7Z/ZLYMC3cZamlqPuW9w=="
    },
    "@ndiinginc/util": {
      "version": "1.0.7",
      "resolved": "https://registry.npmjs.org/@ndiinginc/util/-/util-1.0.7.tgz",
      "integrity": "sha512-KAhQLJ+lQBZp8tIjI1vR0GT7svoC3psXJbr+krAKxjTM+g/dm+AuafJI8FEjz4VBQWvKJOTB5OtvI9CLaGDurw=="
    }
  }
}
