{
    "name": "@ndiinginc/router",
    "version": "2.2.0",
    "lockfileVersion": 3,
    "requires": true,
    "packages": {
        "": {
            "name": "@ndiinginc/router",
            "version": "2.2.0",
            "license": "ISC",
            "dependencies": {
                "@ndiinginc/jwt": "^2.0.0"
            }
        },
        "node_modules/@ndiinginc/jwt": {
            "version": "2.0.0",
            "resolved": "https://registry.npmjs.org/@ndiinginc/jwt/-/jwt-2.0.0.tgz",
            "integrity": "sha512-atOcwxsxFSPxFP8//LbgnCZcKD/J9LND0jNZsCGKmDuG9r1LUpGIgqkEjZRiG2ZpOpaVpi2WabBD1WEpEZWjBQ==",
            "license": "ISC"
        }
    }
}
