{
  "name": "@ndiing/router",
  "version": "2.3.1",
  "lockfileVersion": 2,
  "requires": true,
  "packages": {
    "": {
      "name": "@ndiing/router",
      "version": "2.3.1",
      "license": "MIT",
      "dependencies": {
        "@ndiing/fetch": "^2.0.2"
      },
      "devDependencies": {}
    },
    "node_modules/@ndiing/fetch": {
      "version": "2.2.9",
      "resolved": "https://npm.pkg.github.com/download/@ndiing/fetch/2.2.9/e148937469a3945d2a36a2d096ecbb73902bf94d",
      "integrity": "sha512-gevOZA5NOaORciM2YAntVLzJMu+xG5dkEbD7uXpFyZ97COFrjhQ+tISRkw0fFLzrNtPJAjJg7ocTK+tq+mdIaA==",
      "license": "MIT",
      "dependencies": {
        "@ndiing/storage": "^2.0.0"
      }
    },
    "node_modules/@ndiing/storage": {
      "version": "2.0.1",
      "resolved": "https://npm.pkg.github.com/download/@ndiing/storage/2.0.1/cc4e8876f43ca998d08ba6e686330a771d03ee02",
      "integrity": "sha512-MB/tH5vR4Dnrlu81MbwVO3+gcGz7me7RjXVAUn6iYIoUKlFdTAKYzHMZb3G5DkyVqD/hneN8QVlR7Zc3raHNtQ==",
      "license": "MIT"
    }
  },
  "dependencies": {
    "@ndiing/fetch": {
      "version": "2.2.9",
      "resolved": "https://npm.pkg.github.com/download/@ndiing/fetch/2.2.9/e148937469a3945d2a36a2d096ecbb73902bf94d",
      "integrity": "sha512-gevOZA5NOaORciM2YAntVLzJMu+xG5dkEbD7uXpFyZ97COFrjhQ+tISRkw0fFLzrNtPJAjJg7ocTK+tq+mdIaA==",
      "requires": {
        "@ndiing/storage": "^2.0.0"
      }
    },
    "@ndiing/storage": {
      "version": "2.0.1",
      "resolved": "https://npm.pkg.github.com/download/@ndiing/storage/2.0.1/cc4e8876f43ca998d08ba6e686330a771d03ee02",
      "integrity": "sha512-MB/tH5vR4Dnrlu81MbwVO3+gcGz7me7RjXVAUn6iYIoUKlFdTAKYzHMZb3G5DkyVqD/hneN8QVlR7Zc3raHNtQ=="
    }
  }
}
